// !$*UTF8*$!
{
	archiveVersion = 1;
	classes = {
	};
	objectVersion = 56;
	objects = {

/* Begin PBXBuildFile section */
		5F2D6E292AB8295500ACE87D /* MapPolyline.swift in Sources */ = {isa = PBXBuildFile; fileRef = 5F2D6E282AB8295500ACE87D /* MapPolyline.swift */; };
		5F2D6E2C2AB84F8300ACE87D /* Overlays+CoreDataClass.swift in Sources */ = {isa = PBXBuildFile; fileRef = 5F2D6E2A2AB84F8300ACE87D /* Overlays+CoreDataClass.swift */; };
		5F2D6E2D2AB84F8300ACE87D /* Overlays+CoreDataProperties.swift in Sources */ = {isa = PBXBuildFile; fileRef = 5F2D6E2B2AB84F8300ACE87D /* Overlays+CoreDataProperties.swift */; };
		5F2D6E2F2AB8728100ACE87D /* CustomButton.swift in Sources */ = {isa = PBXBuildFile; fileRef = 5F2D6E2E2AB8728100ACE87D /* CustomButton.swift */; };
		5F38BC082AC40E3500EA9207 /* MapPointAnnotation.swift in Sources */ = {isa = PBXBuildFile; fileRef = 5F38BC072AC40E3500EA9207 /* MapPointAnnotation.swift */; };
		5F3BD1102AC2C988002B1AF5 /* Constants.swift in Sources */ = {isa = PBXBuildFile; fileRef = 5F3BD10F2AC2C988002B1AF5 /* Constants.swift */; };
		5F460CC32AB1E2690053887A /* AppDelegate.swift in Sources */ = {isa = PBXBuildFile; fileRef = 5F460CC22AB1E2690053887A /* AppDelegate.swift */; };
		5F460CC52AB1E2690053887A /* SceneDelegate.swift in Sources */ = {isa = PBXBuildFile; fileRef = 5F460CC42AB1E2690053887A /* SceneDelegate.swift */; };
		5F460CCA2AB1E2690053887A /* Main.storyboard in Resources */ = {isa = PBXBuildFile; fileRef = 5F460CC82AB1E2690053887A /* Main.storyboard */; };
		5F460CCD2AB1E2690053887A /* MapWalk.xcdatamodeld in Sources */ = {isa = PBXBuildFile; fileRef = 5F460CCB2AB1E2690053887A /* MapWalk.xcdatamodeld */; };
		5F460CCF2AB1E26A0053887A /* Assets.xcassets in Resources */ = {isa = PBXBuildFile; fileRef = 5F460CCE2AB1E26A0053887A /* Assets.xcassets */; };
		5F460CD22AB1E26A0053887A /* LaunchScreen.storyboard in Resources */ = {isa = PBXBuildFile; fileRef = 5F460CD02AB1E26A0053887A /* LaunchScreen.storyboard */; };
		5F460CDD2AB1E26A0053887A /* MapWalkTests.swift in Sources */ = {isa = PBXBuildFile; fileRef = 5F460CDC2AB1E26A0053887A /* MapWalkTests.swift */; };
		5F460CE72AB1E26A0053887A /* MapWalkUITests.swift in Sources */ = {isa = PBXBuildFile; fileRef = 5F460CE62AB1E26A0053887A /* MapWalkUITests.swift */; };
		5F460CE92AB1E26A0053887A /* MapWalkUITestsLaunchTests.swift in Sources */ = {isa = PBXBuildFile; fileRef = 5F460CE82AB1E26A0053887A /* MapWalkUITestsLaunchTests.swift */; };
		5F460CF92AB1E29D0053887A /* LocationManager.swift in Sources */ = {isa = PBXBuildFile; fileRef = 5F460CF62AB1E29C0053887A /* LocationManager.swift */; };
		5F460CFA2AB1E29D0053887A /* Extensions.swift in Sources */ = {isa = PBXBuildFile; fileRef = 5F460CF72AB1E29C0053887A /* Extensions.swift */; };
		5F460CFB2AB1E29D0053887A /* CanvasView.swift in Sources */ = {isa = PBXBuildFile; fileRef = 5F460CF82AB1E29D0053887A /* CanvasView.swift */; };
		5F460CFF2AB1E2C90053887A /* MapWalkViewController.swift in Sources */ = {isa = PBXBuildFile; fileRef = 5F460CFE2AB1E2C90053887A /* MapWalkViewController.swift */; };
		5F69D2A32AB432F900AAF34E /* UserDefaultManager.swift in Sources */ = {isa = PBXBuildFile; fileRef = 5F69D2A22AB432F900AAF34E /* UserDefaultManager.swift */; };
		5F69D2BA2AB44E0F00AAF34E /* CoreDataManager.swift in Sources */ = {isa = PBXBuildFile; fileRef = 5F69D2B92AB44E0F00AAF34E /* CoreDataManager.swift */; };
		5F69D2C32AB451A100AAF34E /* Map+CoreDataClass.swift in Sources */ = {isa = PBXBuildFile; fileRef = 5F69D2BF2AB451A100AAF34E /* Map+CoreDataClass.swift */; };
		5F69D2C42AB451A100AAF34E /* Map+CoreDataProperties.swift in Sources */ = {isa = PBXBuildFile; fileRef = 5F69D2C02AB451A100AAF34E /* Map+CoreDataProperties.swift */; };
		5F69D2C62AB469E400AAF34E /* MapPolygon.swift in Sources */ = {isa = PBXBuildFile; fileRef = 5F69D2C52AB469E400AAF34E /* MapPolygon.swift */; };
		5F909D972ABDA9A9004BBBE4 /* KMLExporter.swift in Sources */ = {isa = PBXBuildFile; fileRef = 5F909D962ABDA9A9004BBBE4 /* KMLExporter.swift */; };
		5FA7686D2ABC482200E01722 /* CustomMenuView.swift in Sources */ = {isa = PBXBuildFile; fileRef = 5FA7686C2ABC482200E01722 /* CustomMenuView.swift */; };
		5FA7686F2ABC49A000E01722 /* CustomMenuOverlayView.swift in Sources */ = {isa = PBXBuildFile; fileRef = 5FA7686E2ABC49A000E01722 /* CustomMenuOverlayView.swift */; };
/* End PBXBuildFile section */

/* Begin PBXContainerItemProxy section */
		5F460CD92AB1E26A0053887A /* PBXContainerItemProxy */ = {
			isa = PBXContainerItemProxy;
			containerPortal = 5F460CB72AB1E2690053887A /* Project object */;
			proxyType = 1;
			remoteGlobalIDString = 5F460CBE2AB1E2690053887A;
			remoteInfo = MapWalk;
		};
		5F460CE32AB1E26A0053887A /* PBXContainerItemProxy */ = {
			isa = PBXContainerItemProxy;
			containerPortal = 5F460CB72AB1E2690053887A /* Project object */;
			proxyType = 1;
			remoteGlobalIDString = 5F460CBE2AB1E2690053887A;
			remoteInfo = MapWalk;
		};
/* End PBXContainerItemProxy section */

/* Begin PBXFileReference section */
		5F2D6E282AB8295500ACE87D /* MapPolyline.swift */ = {isa = PBXFileReference; lastKnownFileType = sourcecode.swift; path = MapPolyline.swift; sourceTree = "<group>"; };
		5F2D6E2A2AB84F8300ACE87D /* Overlays+CoreDataClass.swift */ = {isa = PBXFileReference; lastKnownFileType = sourcecode.swift; path = "Overlays+CoreDataClass.swift"; sourceTree = SOURCE_ROOT; };
		5F2D6E2B2AB84F8300ACE87D /* Overlays+CoreDataProperties.swift */ = {isa = PBXFileReference; lastKnownFileType = sourcecode.swift; path = "Overlays+CoreDataProperties.swift"; sourceTree = SOURCE_ROOT; };
		5F2D6E2E2AB8728100ACE87D /* CustomButton.swift */ = {isa = PBXFileReference; lastKnownFileType = sourcecode.swift; path = CustomButton.swift; sourceTree = "<group>"; };
		5F38BC072AC40E3500EA9207 /* MapPointAnnotation.swift */ = {isa = PBXFileReference; lastKnownFileType = sourcecode.swift; path = MapPointAnnotation.swift; sourceTree = "<group>"; };
		5F3BD10F2AC2C988002B1AF5 /* Constants.swift */ = {isa = PBXFileReference; lastKnownFileType = sourcecode.swift; path = Constants.swift; sourceTree = "<group>"; };
		5F460CBF2AB1E2690053887A /* MapWalk.app */ = {isa = PBXFileReference; explicitFileType = wrapper.application; includeInIndex = 0; path = MapWalk.app; sourceTree = BUILT_PRODUCTS_DIR; };
		5F460CC22AB1E2690053887A /* AppDelegate.swift */ = {isa = PBXFileReference; lastKnownFileType = sourcecode.swift; path = AppDelegate.swift; sourceTree = "<group>"; };
		5F460CC42AB1E2690053887A /* SceneDelegate.swift */ = {isa = PBXFileReference; lastKnownFileType = sourcecode.swift; path = SceneDelegate.swift; sourceTree = "<group>"; };
		5F460CC92AB1E2690053887A /* Base */ = {isa = PBXFileReference; lastKnownFileType = file.storyboard; name = Base; path = Base.lproj/Main.storyboard; sourceTree = "<group>"; };
		5F460CCC2AB1E2690053887A /* MapWalk.xcdatamodel */ = {isa = PBXFileReference; lastKnownFileType = wrapper.xcdatamodel; path = MapWalk.xcdatamodel; sourceTree = "<group>"; };
		5F460CCE2AB1E26A0053887A /* Assets.xcassets */ = {isa = PBXFileReference; lastKnownFileType = folder.assetcatalog; path = Assets.xcassets; sourceTree = "<group>"; };
		5F460CD12AB1E26A0053887A /* Base */ = {isa = PBXFileReference; lastKnownFileType = file.storyboard; name = Base; path = Base.lproj/LaunchScreen.storyboard; sourceTree = "<group>"; };
		5F460CD32AB1E26A0053887A /* Info.plist */ = {isa = PBXFileReference; lastKnownFileType = text.plist.xml; path = Info.plist; sourceTree = "<group>"; };
		5F460CD82AB1E26A0053887A /* MapWalkTests.xctest */ = {isa = PBXFileReference; explicitFileType = wrapper.cfbundle; includeInIndex = 0; path = MapWalkTests.xctest; sourceTree = BUILT_PRODUCTS_DIR; };
		5F460CDC2AB1E26A0053887A /* MapWalkTests.swift */ = {isa = PBXFileReference; lastKnownFileType = sourcecode.swift; path = MapWalkTests.swift; sourceTree = "<group>"; };
		5F460CE22AB1E26A0053887A /* MapWalkUITests.xctest */ = {isa = PBXFileReference; explicitFileType = wrapper.cfbundle; includeInIndex = 0; path = MapWalkUITests.xctest; sourceTree = BUILT_PRODUCTS_DIR; };
		5F460CE62AB1E26A0053887A /* MapWalkUITests.swift */ = {isa = PBXFileReference; lastKnownFileType = sourcecode.swift; path = MapWalkUITests.swift; sourceTree = "<group>"; };
		5F460CE82AB1E26A0053887A /* MapWalkUITestsLaunchTests.swift */ = {isa = PBXFileReference; lastKnownFileType = sourcecode.swift; path = MapWalkUITestsLaunchTests.swift; sourceTree = "<group>"; };
		5F460CF62AB1E29C0053887A /* LocationManager.swift */ = {isa = PBXFileReference; fileEncoding = 4; lastKnownFileType = sourcecode.swift; path = LocationManager.swift; sourceTree = "<group>"; };
		5F460CF72AB1E29C0053887A /* Extensions.swift */ = {isa = PBXFileReference; fileEncoding = 4; lastKnownFileType = sourcecode.swift; path = Extensions.swift; sourceTree = "<group>"; };
		5F460CF82AB1E29D0053887A /* CanvasView.swift */ = {isa = PBXFileReference; fileEncoding = 4; lastKnownFileType = sourcecode.swift; path = CanvasView.swift; sourceTree = "<group>"; };
		5F460CFE2AB1E2C90053887A /* MapWalkViewController.swift */ = {isa = PBXFileReference; fileEncoding = 4; lastKnownFileType = sourcecode.swift; path = MapWalkViewController.swift; sourceTree = "<group>"; };
		5F69D2A22AB432F900AAF34E /* UserDefaultManager.swift */ = {isa = PBXFileReference; fileEncoding = 4; lastKnownFileType = sourcecode.swift; path = UserDefaultManager.swift; sourceTree = "<group>"; };
		5F69D2B92AB44E0F00AAF34E /* CoreDataManager.swift */ = {isa = PBXFileReference; fileEncoding = 4; lastKnownFileType = sourcecode.swift; path = CoreDataManager.swift; sourceTree = "<group>"; };
		5F69D2BF2AB451A100AAF34E /* Map+CoreDataClass.swift */ = {isa = PBXFileReference; lastKnownFileType = sourcecode.swift; path = "Map+CoreDataClass.swift"; sourceTree = SOURCE_ROOT; };
		5F69D2C02AB451A100AAF34E /* Map+CoreDataProperties.swift */ = {isa = PBXFileReference; lastKnownFileType = sourcecode.swift; path = "Map+CoreDataProperties.swift"; sourceTree = SOURCE_ROOT; };
		5F69D2C52AB469E400AAF34E /* MapPolygon.swift */ = {isa = PBXFileReference; lastKnownFileType = sourcecode.swift; path = MapPolygon.swift; sourceTree = "<group>"; };
		5F909D962ABDA9A9004BBBE4 /* KMLExporter.swift */ = {isa = PBXFileReference; lastKnownFileType = sourcecode.swift; path = KMLExporter.swift; sourceTree = "<group>"; };
		5FA7686C2ABC482200E01722 /* CustomMenuView.swift */ = {isa = PBXFileReference; lastKnownFileType = sourcecode.swift; path = CustomMenuView.swift; sourceTree = "<group>"; };
		5FA7686E2ABC49A000E01722 /* CustomMenuOverlayView.swift */ = {isa = PBXFileReference; lastKnownFileType = sourcecode.swift; path = CustomMenuOverlayView.swift; sourceTree = "<group>"; };
/* End PBXFileReference section */

/* Begin PBXFrameworksBuildPhase section */
		5F460CBC2AB1E2690053887A /* Frameworks */ = {
			isa = PBXFrameworksBuildPhase;
			buildActionMask = 2147483647;
			files = (
			);
			runOnlyForDeploymentPostprocessing = 0;
		};
		5F460CD52AB1E26A0053887A /* Frameworks */ = {
			isa = PBXFrameworksBuildPhase;
			buildActionMask = 2147483647;
			files = (
			);
			runOnlyForDeploymentPostprocessing = 0;
		};
		5F460CDF2AB1E26A0053887A /* Frameworks */ = {
			isa = PBXFrameworksBuildPhase;
			buildActionMask = 2147483647;
			files = (
			);
			runOnlyForDeploymentPostprocessing = 0;
		};
/* End PBXFrameworksBuildPhase section */

/* Begin PBXGroup section */
		5F460CB62AB1E2690053887A = {
			isa = PBXGroup;
			children = (
				5F460CC12AB1E2690053887A /* MapWalk */,
				5F460CDB2AB1E26A0053887A /* MapWalkTests */,
				5F460CE52AB1E26A0053887A /* MapWalkUITests */,
				5F460CC02AB1E2690053887A /* Products */,
			);
			sourceTree = "<group>";
		};
		5F460CC02AB1E2690053887A /* Products */ = {
			isa = PBXGroup;
			children = (
				5F460CBF2AB1E2690053887A /* MapWalk.app */,
				5F460CD82AB1E26A0053887A /* MapWalkTests.xctest */,
				5F460CE22AB1E26A0053887A /* MapWalkUITests.xctest */,
			);
			name = Products;
			sourceTree = "<group>";
		};
		5F460CC12AB1E2690053887A /* MapWalk */ = {
			isa = PBXGroup;
			children = (
				5F69D2A42AB44D2300AAF34E /* CoreData */,
				5F460CF52AB1E28A0053887A /* Utilities */,
				5F460CC22AB1E2690053887A /* AppDelegate.swift */,
				5F460CC42AB1E2690053887A /* SceneDelegate.swift */,
				5F460CFE2AB1E2C90053887A /* MapWalkViewController.swift */,
				5F460CC82AB1E2690053887A /* Main.storyboard */,
				5F460CCE2AB1E26A0053887A /* Assets.xcassets */,
				5F460CD02AB1E26A0053887A /* LaunchScreen.storyboard */,
				5F460CD32AB1E26A0053887A /* Info.plist */,
				5F460CCB2AB1E2690053887A /* MapWalk.xcdatamodeld */,
			);
			path = MapWalk;
			sourceTree = "<group>";
		};
		5F460CDB2AB1E26A0053887A /* MapWalkTests */ = {
			isa = PBXGroup;
			children = (
				5F460CDC2AB1E26A0053887A /* MapWalkTests.swift */,
			);
			path = MapWalkTests;
			sourceTree = "<group>";
		};
		5F460CE52AB1E26A0053887A /* MapWalkUITests */ = {
			isa = PBXGroup;
			children = (
				5F460CE62AB1E26A0053887A /* MapWalkUITests.swift */,
				5F460CE82AB1E26A0053887A /* MapWalkUITestsLaunchTests.swift */,
			);
			path = MapWalkUITests;
			sourceTree = "<group>";
		};
		5F460CF52AB1E28A0053887A /* Utilities */ = {
			isa = PBXGroup;
			children = (
				5F69D2A22AB432F900AAF34E /* UserDefaultManager.swift */,
				5F69D2B92AB44E0F00AAF34E /* CoreDataManager.swift */,
				5F460CF62AB1E29C0053887A /* LocationManager.swift */,
				5F460CF82AB1E29D0053887A /* CanvasView.swift */,
				5F460CF72AB1E29C0053887A /* Extensions.swift */,
				5F69D2C52AB469E400AAF34E /* MapPolygon.swift */,
				5F2D6E282AB8295500ACE87D /* MapPolyline.swift */,
				5F38BC072AC40E3500EA9207 /* MapPointAnnotation.swift */,
				5F2D6E2E2AB8728100ACE87D /* CustomButton.swift */,
				5FA7686C2ABC482200E01722 /* CustomMenuView.swift */,
				5FA7686E2ABC49A000E01722 /* CustomMenuOverlayView.swift */,
				5F909D962ABDA9A9004BBBE4 /* KMLExporter.swift */,
				5F3BD10F2AC2C988002B1AF5 /* Constants.swift */,
			);
			path = Utilities;
			sourceTree = "<group>";
		};
		5F69D2A42AB44D2300AAF34E /* CoreData */ = {
			isa = PBXGroup;
			children = (
				5F2D6E2A2AB84F8300ACE87D /* Overlays+CoreDataClass.swift */,
				5F2D6E2B2AB84F8300ACE87D /* Overlays+CoreDataProperties.swift */,
				5F69D2BF2AB451A100AAF34E /* Map+CoreDataClass.swift */,
				5F69D2C02AB451A100AAF34E /* Map+CoreDataProperties.swift */,
			);
			path = CoreData;
			sourceTree = "<group>";
		};
/* End PBXGroup section */

/* Begin PBXNativeTarget section */
		5F460CBE2AB1E2690053887A /* MapWalk */ = {
			isa = PBXNativeTarget;
			buildConfigurationList = 5F460CEC2AB1E26A0053887A /* Build configuration list for PBXNativeTarget "MapWalk" */;
			buildPhases = (
				5F460CBB2AB1E2690053887A /* Sources */,
				5F460CBC2AB1E2690053887A /* Frameworks */,
				5F460CBD2AB1E2690053887A /* Resources */,
			);
			buildRules = (
			);
			dependencies = (
			);
			name = MapWalk;
			productName = MapWalk;
			productReference = 5F460CBF2AB1E2690053887A /* MapWalk.app */;
			productType = "com.apple.product-type.application";
		};
		5F460CD72AB1E26A0053887A /* MapWalkTests */ = {
			isa = PBXNativeTarget;
			buildConfigurationList = 5F460CEF2AB1E26A0053887A /* Build configuration list for PBXNativeTarget "MapWalkTests" */;
			buildPhases = (
				5F460CD42AB1E26A0053887A /* Sources */,
				5F460CD52AB1E26A0053887A /* Frameworks */,
				5F460CD62AB1E26A0053887A /* Resources */,
			);
			buildRules = (
			);
			dependencies = (
				5F460CDA2AB1E26A0053887A /* PBXTargetDependency */,
			);
			name = MapWalkTests;
			productName = MapWalkTests;
			productReference = 5F460CD82AB1E26A0053887A /* MapWalkTests.xctest */;
			productType = "com.apple.product-type.bundle.unit-test";
		};
		5F460CE12AB1E26A0053887A /* MapWalkUITests */ = {
			isa = PBXNativeTarget;
			buildConfigurationList = 5F460CF22AB1E26A0053887A /* Build configuration list for PBXNativeTarget "MapWalkUITests" */;
			buildPhases = (
				5F460CDE2AB1E26A0053887A /* Sources */,
				5F460CDF2AB1E26A0053887A /* Frameworks */,
				5F460CE02AB1E26A0053887A /* Resources */,
			);
			buildRules = (
			);
			dependencies = (
				5F460CE42AB1E26A0053887A /* PBXTargetDependency */,
			);
			name = MapWalkUITests;
			productName = MapWalkUITests;
			productReference = 5F460CE22AB1E26A0053887A /* MapWalkUITests.xctest */;
			productType = "com.apple.product-type.bundle.ui-testing";
		};
/* End PBXNativeTarget section */

/* Begin PBXProject section */
		5F460CB72AB1E2690053887A /* Project object */ = {
			isa = PBXProject;
			attributes = {
				BuildIndependentTargetsInParallel = 1;
				LastSwiftUpdateCheck = 1430;
				LastUpgradeCheck = 1430;
				TargetAttributes = {
					5F460CBE2AB1E2690053887A = {
						CreatedOnToolsVersion = 14.3.1;
					};
					5F460CD72AB1E26A0053887A = {
						CreatedOnToolsVersion = 14.3.1;
						TestTargetID = 5F460CBE2AB1E2690053887A;
					};
					5F460CE12AB1E26A0053887A = {
						CreatedOnToolsVersion = 14.3.1;
						TestTargetID = 5F460CBE2AB1E2690053887A;
					};
				};
			};
			buildConfigurationList = 5F460CBA2AB1E2690053887A /* Build configuration list for PBXProject "MapWalk" */;
			compatibilityVersion = "Xcode 14.0";
			developmentRegion = en;
			hasScannedForEncodings = 0;
			knownRegions = (
				en,
				Base,
			);
			mainGroup = 5F460CB62AB1E2690053887A;
			productRefGroup = 5F460CC02AB1E2690053887A /* Products */;
			projectDirPath = "";
			projectRoot = "";
			targets = (
				5F460CBE2AB1E2690053887A /* MapWalk */,
				5F460CD72AB1E26A0053887A /* MapWalkTests */,
				5F460CE12AB1E26A0053887A /* MapWalkUITests */,
			);
		};
/* End PBXProject section */

/* Begin PBXResourcesBuildPhase section */
		5F460CBD2AB1E2690053887A /* Resources */ = {
			isa = PBXResourcesBuildPhase;
			buildActionMask = 2147483647;
			files = (
				5F460CD22AB1E26A0053887A /* LaunchScreen.storyboard in Resources */,
				5F460CCF2AB1E26A0053887A /* Assets.xcassets in Resources */,
				5F460CCA2AB1E2690053887A /* Main.storyboard in Resources */,
			);
			runOnlyForDeploymentPostprocessing = 0;
		};
		5F460CD62AB1E26A0053887A /* Resources */ = {
			isa = PBXResourcesBuildPhase;
			buildActionMask = 2147483647;
			files = (
			);
			runOnlyForDeploymentPostprocessing = 0;
		};
		5F460CE02AB1E26A0053887A /* Resources */ = {
			isa = PBXResourcesBuildPhase;
			buildActionMask = 2147483647;
			files = (
			);
			runOnlyForDeploymentPostprocessing = 0;
		};
/* End PBXResourcesBuildPhase section */

/* Begin PBXSourcesBuildPhase section */
		5F460CBB2AB1E2690053887A /* Sources */ = {
			isa = PBXSourcesBuildPhase;
			buildActionMask = 2147483647;
			files = (
				5FA7686D2ABC482200E01722 /* CustomMenuView.swift in Sources */,
				5F909D972ABDA9A9004BBBE4 /* KMLExporter.swift in Sources */,
				5F460CFA2AB1E29D0053887A /* Extensions.swift in Sources */,
				5F460CF92AB1E29D0053887A /* LocationManager.swift in Sources */,
				5F69D2C62AB469E400AAF34E /* MapPolygon.swift in Sources */,
				5F69D2A32AB432F900AAF34E /* UserDefaultManager.swift in Sources */,
				5F2D6E2F2AB8728100ACE87D /* CustomButton.swift in Sources */,
				5F460CFB2AB1E29D0053887A /* CanvasView.swift in Sources */,
				5F460CCD2AB1E2690053887A /* MapWalk.xcdatamodeld in Sources */,
				5F2D6E2C2AB84F8300ACE87D /* Overlays+CoreDataClass.swift in Sources */,
				5F69D2BA2AB44E0F00AAF34E /* CoreDataManager.swift in Sources */,
				5F69D2C32AB451A100AAF34E /* Map+CoreDataClass.swift in Sources */,
				5F460CC32AB1E2690053887A /* AppDelegate.swift in Sources */,
				5F38BC082AC40E3500EA9207 /* MapPointAnnotation.swift in Sources */,
				5F460CFF2AB1E2C90053887A /* MapWalkViewController.swift in Sources */,
				5F460CC52AB1E2690053887A /* SceneDelegate.swift in Sources */,
				5F3BD1102AC2C988002B1AF5 /* Constants.swift in Sources */,
				5F2D6E292AB8295500ACE87D /* MapPolyline.swift in Sources */,
				5FA7686F2ABC49A000E01722 /* CustomMenuOverlayView.swift in Sources */,
				5F2D6E2D2AB84F8300ACE87D /* Overlays+CoreDataProperties.swift in Sources */,
				5F69D2C42AB451A100AAF34E /* Map+CoreDataProperties.swift in Sources */,
			);
			runOnlyForDeploymentPostprocessing = 0;
		};
		5F460CD42AB1E26A0053887A /* Sources */ = {
			isa = PBXSourcesBuildPhase;
			buildActionMask = 2147483647;
			files = (
				5F460CDD2AB1E26A0053887A /* MapWalkTests.swift in Sources */,
			);
			runOnlyForDeploymentPostprocessing = 0;
		};
		5F460CDE2AB1E26A0053887A /* Sources */ = {
			isa = PBXSourcesBuildPhase;
			buildActionMask = 2147483647;
			files = (
				5F460CE92AB1E26A0053887A /* MapWalkUITestsLaunchTests.swift in Sources */,
				5F460CE72AB1E26A0053887A /* MapWalkUITests.swift in Sources */,
			);
			runOnlyForDeploymentPostprocessing = 0;
		};
/* End PBXSourcesBuildPhase section */

/* Begin PBXTargetDependency section */
		5F460CDA2AB1E26A0053887A /* PBXTargetDependency */ = {
			isa = PBXTargetDependency;
			target = 5F460CBE2AB1E2690053887A /* MapWalk */;
			targetProxy = 5F460CD92AB1E26A0053887A /* PBXContainerItemProxy */;
		};
		5F460CE42AB1E26A0053887A /* PBXTargetDependency */ = {
			isa = PBXTargetDependency;
			target = 5F460CBE2AB1E2690053887A /* MapWalk */;
			targetProxy = 5F460CE32AB1E26A0053887A /* PBXContainerItemProxy */;
		};
/* End PBXTargetDependency section */

/* Begin PBXVariantGroup section */
		5F460CC82AB1E2690053887A /* Main.storyboard */ = {
			isa = PBXVariantGroup;
			children = (
				5F460CC92AB1E2690053887A /* Base */,
			);
			name = Main.storyboard;
			sourceTree = "<group>";
		};
		5F460CD02AB1E26A0053887A /* LaunchScreen.storyboard */ = {
			isa = PBXVariantGroup;
			children = (
				5F460CD12AB1E26A0053887A /* Base */,
			);
			name = LaunchScreen.storyboard;
			sourceTree = "<group>";
		};
/* End PBXVariantGroup section */

/* Begin XCBuildConfiguration section */
		5F460CEA2AB1E26A0053887A /* Debug */ = {
			isa = XCBuildConfiguration;
			buildSettings = {
				ALWAYS_SEARCH_USER_PATHS = NO;
				CLANG_ANALYZER_NONNULL = YES;
				CLANG_ANALYZER_NUMBER_OBJECT_CONVERSION = YES_AGGRESSIVE;
				CLANG_CXX_LANGUAGE_STANDARD = "gnu++20";
				CLANG_ENABLE_MODULES = YES;
				CLANG_ENABLE_OBJC_ARC = YES;
				CLANG_ENABLE_OBJC_WEAK = YES;
				CLANG_WARN_BLOCK_CAPTURE_AUTORELEASING = YES;
				CLANG_WARN_BOOL_CONVERSION = YES;
				CLANG_WARN_COMMA = YES;
				CLANG_WARN_CONSTANT_CONVERSION = YES;
				CLANG_WARN_DEPRECATED_OBJC_IMPLEMENTATIONS = YES;
				CLANG_WARN_DIRECT_OBJC_ISA_USAGE = YES_ERROR;
				CLANG_WARN_DOCUMENTATION_COMMENTS = YES;
				CLANG_WARN_EMPTY_BODY = YES;
				CLANG_WARN_ENUM_CONVERSION = YES;
				CLANG_WARN_INFINITE_RECURSION = YES;
				CLANG_WARN_INT_CONVERSION = YES;
				CLANG_WARN_NON_LITERAL_NULL_CONVERSION = YES;
				CLANG_WARN_OBJC_IMPLICIT_RETAIN_SELF = YES;
				CLANG_WARN_OBJC_LITERAL_CONVERSION = YES;
				CLANG_WARN_OBJC_ROOT_CLASS = YES_ERROR;
				CLANG_WARN_QUOTED_INCLUDE_IN_FRAMEWORK_HEADER = YES;
				CLANG_WARN_RANGE_LOOP_ANALYSIS = YES;
				CLANG_WARN_STRICT_PROTOTYPES = YES;
				CLANG_WARN_SUSPICIOUS_MOVE = YES;
				CLANG_WARN_UNGUARDED_AVAILABILITY = YES_AGGRESSIVE;
				CLANG_WARN_UNREACHABLE_CODE = YES;
				CLANG_WARN__DUPLICATE_METHOD_MATCH = YES;
				COPY_PHASE_STRIP = NO;
				DEBUG_INFORMATION_FORMAT = dwarf;
				ENABLE_STRICT_OBJC_MSGSEND = YES;
				ENABLE_TESTABILITY = YES;
				GCC_C_LANGUAGE_STANDARD = gnu11;
				GCC_DYNAMIC_NO_PIC = NO;
				GCC_NO_COMMON_BLOCKS = YES;
				GCC_OPTIMIZATION_LEVEL = 0;
				GCC_PREPROCESSOR_DEFINITIONS = (
					"DEBUG=1",
					"$(inherited)",
				);
				GCC_WARN_64_TO_32_BIT_CONVERSION = YES;
				GCC_WARN_ABOUT_RETURN_TYPE = YES_ERROR;
				GCC_WARN_UNDECLARED_SELECTOR = YES;
				GCC_WARN_UNINITIALIZED_AUTOS = YES_AGGRESSIVE;
				GCC_WARN_UNUSED_FUNCTION = YES;
				GCC_WARN_UNUSED_VARIABLE = YES;
				IPHONEOS_DEPLOYMENT_TARGET = 16.4;
				MTL_ENABLE_DEBUG_INFO = INCLUDE_SOURCE;
				MTL_FAST_MATH = YES;
				ONLY_ACTIVE_ARCH = YES;
				SDKROOT = iphoneos;
				SWIFT_ACTIVE_COMPILATION_CONDITIONS = DEBUG;
				SWIFT_OPTIMIZATION_LEVEL = "-Onone";
			};
			name = Debug;
		};
		5F460CEB2AB1E26A0053887A /* Release */ = {
			isa = XCBuildConfiguration;
			buildSettings = {
				ALWAYS_SEARCH_USER_PATHS = NO;
				CLANG_ANALYZER_NONNULL = YES;
				CLANG_ANALYZER_NUMBER_OBJECT_CONVERSION = YES_AGGRESSIVE;
				CLANG_CXX_LANGUAGE_STANDARD = "gnu++20";
				CLANG_ENABLE_MODULES = YES;
				CLANG_ENABLE_OBJC_ARC = YES;
				CLANG_ENABLE_OBJC_WEAK = YES;
				CLANG_WARN_BLOCK_CAPTURE_AUTORELEASING = YES;
				CLANG_WARN_BOOL_CONVERSION = YES;
				CLANG_WARN_COMMA = YES;
				CLANG_WARN_CONSTANT_CONVERSION = YES;
				CLANG_WARN_DEPRECATED_OBJC_IMPLEMENTATIONS = YES;
				CLANG_WARN_DIRECT_OBJC_ISA_USAGE = YES_ERROR;
				CLANG_WARN_DOCUMENTATION_COMMENTS = YES;
				CLANG_WARN_EMPTY_BODY = YES;
				CLANG_WARN_ENUM_CONVERSION = YES;
				CLANG_WARN_INFINITE_RECURSION = YES;
				CLANG_WARN_INT_CONVERSION = YES;
				CLANG_WARN_NON_LITERAL_NULL_CONVERSION = YES;
				CLANG_WARN_OBJC_IMPLICIT_RETAIN_SELF = YES;
				CLANG_WARN_OBJC_LITERAL_CONVERSION = YES;
				CLANG_WARN_OBJC_ROOT_CLASS = YES_ERROR;
				CLANG_WARN_QUOTED_INCLUDE_IN_FRAMEWORK_HEADER = YES;
				CLANG_WARN_RANGE_LOOP_ANALYSIS = YES;
				CLANG_WARN_STRICT_PROTOTYPES = YES;
				CLANG_WARN_SUSPICIOUS_MOVE = YES;
				CLANG_WARN_UNGUARDED_AVAILABILITY = YES_AGGRESSIVE;
				CLANG_WARN_UNREACHABLE_CODE = YES;
				CLANG_WARN__DUPLICATE_METHOD_MATCH = YES;
				COPY_PHASE_STRIP = NO;
				DEBUG_INFORMATION_FORMAT = "dwarf-with-dsym";
				ENABLE_NS_ASSERTIONS = NO;
				ENABLE_STRICT_OBJC_MSGSEND = YES;
				GCC_C_LANGUAGE_STANDARD = gnu11;
				GCC_NO_COMMON_BLOCKS = YES;
				GCC_WARN_64_TO_32_BIT_CONVERSION = YES;
				GCC_WARN_ABOUT_RETURN_TYPE = YES_ERROR;
				GCC_WARN_UNDECLARED_SELECTOR = YES;
				GCC_WARN_UNINITIALIZED_AUTOS = YES_AGGRESSIVE;
				GCC_WARN_UNUSED_FUNCTION = YES;
				GCC_WARN_UNUSED_VARIABLE = YES;
				IPHONEOS_DEPLOYMENT_TARGET = 16.4;
				MTL_ENABLE_DEBUG_INFO = NO;
				MTL_FAST_MATH = YES;
				SDKROOT = iphoneos;
				SWIFT_COMPILATION_MODE = wholemodule;
				SWIFT_OPTIMIZATION_LEVEL = "-O";
				VALIDATE_PRODUCT = YES;
			};
			name = Release;
		};
		5F460CED2AB1E26A0053887A /* Debug */ = {
			isa = XCBuildConfiguration;
			buildSettings = {
				ASSETCATALOG_COMPILER_APPICON_NAME = AppIcon;
				ASSETCATALOG_COMPILER_GLOBAL_ACCENT_COLOR_NAME = AccentColor;
				"CODE_SIGN_IDENTITY[sdk=iphoneos*]" = "iPhone Developer";
				CODE_SIGN_STYLE = Manual;
				CURRENT_PROJECT_VERSION = 1;
				DEVELOPMENT_TEAM = "";
				"DEVELOPMENT_TEAM[sdk=iphoneos*]" = KQ3X2L5SCP;
				GENERATE_INFOPLIST_FILE = YES;
				INFOPLIST_FILE = MapWalk/Info.plist;
				INFOPLIST_KEY_NSLocationAlwaysUsageDescription = "We need your location to provide you with nearby services and enhance your experience.";
				INFOPLIST_KEY_NSLocationWhenInUseUsageDescription = "We need your location to provide you with nearby services and enhance your experience.";
				INFOPLIST_KEY_UIApplicationSupportsIndirectInputEvents = YES;
				INFOPLIST_KEY_UILaunchStoryboardName = LaunchScreen;
				INFOPLIST_KEY_UIMainStoryboardFile = Main;
				INFOPLIST_KEY_UISupportedInterfaceOrientations_iPad = "UIInterfaceOrientationPortrait UIInterfaceOrientationPortraitUpsideDown UIInterfaceOrientationLandscapeLeft UIInterfaceOrientationLandscapeRight";
				INFOPLIST_KEY_UISupportedInterfaceOrientations_iPhone = "UIInterfaceOrientationPortrait UIInterfaceOrientationLandscapeLeft UIInterfaceOrientationLandscapeRight";
				INFOPLIST_KEY_UIUserInterfaceStyle = Light;
				IPHONEOS_DEPLOYMENT_TARGET = 15.0;
				LD_RUNPATH_SEARCH_PATHS = (
					"$(inherited)",
					"@executable_path/Frameworks",
				);
				MARKETING_VERSION = 1.0;
				PRODUCT_BUNDLE_IDENTIFIER = com.gbwhatsversion.app;
				PRODUCT_NAME = "$(TARGET_NAME)";
				PROVISIONING_PROFILE_SPECIFIER = "";
				"PROVISIONING_PROFILE_SPECIFIER[sdk=iphoneos*]" = Dev_gbwhatsversion;
				SWIFT_EMIT_LOC_STRINGS = YES;
				SWIFT_VERSION = 5.0;
				TARGETED_DEVICE_FAMILY = "1,2";
			};
			name = Debug;
		};
		5F460CEE2AB1E26A0053887A /* Release */ = {
			isa = XCBuildConfiguration;
			buildSettings = {
				ASSETCATALOG_COMPILER_APPICON_NAME = AppIcon;
				ASSETCATALOG_COMPILER_GLOBAL_ACCENT_COLOR_NAME = AccentColor;
				"CODE_SIGN_IDENTITY[sdk=iphoneos*]" = "iPhone Developer";
				CODE_SIGN_STYLE = Manual;
				CURRENT_PROJECT_VERSION = 1;
				DEVELOPMENT_TEAM = "";
				"DEVELOPMENT_TEAM[sdk=iphoneos*]" = KQ3X2L5SCP;
				GENERATE_INFOPLIST_FILE = YES;
				INFOPLIST_FILE = MapWalk/Info.plist;
				INFOPLIST_KEY_NSLocationAlwaysUsageDescription = "We need your location to provide you with nearby services and enhance your experience.";
				INFOPLIST_KEY_NSLocationWhenInUseUsageDescription = "We need your location to provide you with nearby services and enhance your experience.";
				INFOPLIST_KEY_UIApplicationSupportsIndirectInputEvents = YES;
				INFOPLIST_KEY_UILaunchStoryboardName = LaunchScreen;
				INFOPLIST_KEY_UIMainStoryboardFile = Main;
				INFOPLIST_KEY_UISupportedInterfaceOrientations_iPad = "UIInterfaceOrientationPortrait UIInterfaceOrientationPortraitUpsideDown UIInterfaceOrientationLandscapeLeft UIInterfaceOrientationLandscapeRight";
				INFOPLIST_KEY_UISupportedInterfaceOrientations_iPhone = "UIInterfaceOrientationPortrait UIInterfaceOrientationLandscapeLeft UIInterfaceOrientationLandscapeRight";
				INFOPLIST_KEY_UIUserInterfaceStyle = Light;
				IPHONEOS_DEPLOYMENT_TARGET = 15.0;
				LD_RUNPATH_SEARCH_PATHS = (
					"$(inherited)",
					"@executable_path/Frameworks",
				);
				MARKETING_VERSION = 1.0;
				PRODUCT_BUNDLE_IDENTIFIER = com.gbwhatsversion.app;
				PRODUCT_NAME = "$(TARGET_NAME)";
				PROVISIONING_PROFILE_SPECIFIER = "";
				"PROVISIONING_PROFILE_SPECIFIER[sdk=iphoneos*]" = Dev_gbwhatsversion;
				SWIFT_EMIT_LOC_STRINGS = YES;
				SWIFT_VERSION = 5.0;
				TARGETED_DEVICE_FAMILY = "1,2";
			};
			name = Release;
		};
		5F460CF02AB1E26A0053887A /* Debug */ = {
			isa = XCBuildConfiguration;
			buildSettings = {
				ALWAYS_EMBED_SWIFT_STANDARD_LIBRARIES = YES;
				BUNDLE_LOADER = "$(TEST_HOST)";
				CODE_SIGN_STYLE = Automatic;
				CURRENT_PROJECT_VERSION = 1;
				GENERATE_INFOPLIST_FILE = YES;
				IPHONEOS_DEPLOYMENT_TARGET = 16.4;
				MARKETING_VERSION = 1.0;
				PRODUCT_BUNDLE_IDENTIFIER = com..MapWalkTests;
				PRODUCT_NAME = "$(TARGET_NAME)";
				SWIFT_EMIT_LOC_STRINGS = NO;
				SWIFT_VERSION = 5.0;
				TARGETED_DEVICE_FAMILY = "1,2";
				TEST_HOST = "$(BUILT_PRODUCTS_DIR)/MapWalk.app/$(BUNDLE_EXECUTABLE_FOLDER_PATH)/MapWalk";
			};
			name = Debug;
		};
		5F460CF12AB1E26A0053887A /* Release */ = {
			isa = XCBuildConfiguration;
			buildSettings = {
				ALWAYS_EMBED_SWIFT_STANDARD_LIBRARIES = YES;
				BUNDLE_LOADER = "$(TEST_HOST)";
				CODE_SIGN_STYLE = Automatic;
				CURRENT_PROJECT_VERSION = 1;
				GENERATE_INFOPLIST_FILE = YES;
				IPHONEOS_DEPLOYMENT_TARGET = 16.4;
				MARKETING_VERSION = 1.0;
				PRODUCT_BUNDLE_IDENTIFIER = com..MapWalkTests;
				PRODUCT_NAME = "$(TARGET_NAME)";
				SWIFT_EMIT_LOC_STRINGS = NO;
				SWIFT_VERSION = 5.0;
				TARGETED_DEVICE_FAMILY = "1,2";
				TEST_HOST = "$(BUILT_PRODUCTS_DIR)/MapWalk.app/$(BUNDLE_EXECUTABLE_FOLDER_PATH)/MapWalk";
			};
			name = Release;
		};
		5F460CF32AB1E26A0053887A /* Debug */ = {
			isa = XCBuildConfiguration;
			buildSettings = {
				ALWAYS_EMBED_SWIFT_STANDARD_LIBRARIES = YES;
				CODE_SIGN_STYLE = Automatic;
				CURRENT_PROJECT_VERSION = 1;
				GENERATE_INFOPLIST_FILE = YES;
				MARKETING_VERSION = 1.0;
				PRODUCT_BUNDLE_IDENTIFIER = com..MapWalkUITests;
				PRODUCT_NAME = "$(TARGET_NAME)";
				SWIFT_EMIT_LOC_STRINGS = NO;
				SWIFT_VERSION = 5.0;
				TARGETED_DEVICE_FAMILY = "1,2";
				TEST_TARGET_NAME = MapWalk;
			};
			name = Debug;
		};
		5F460CF42AB1E26A0053887A /* Release */ = {
			isa = XCBuildConfiguration;
			buildSettings = {
				ALWAYS_EMBED_SWIFT_STANDARD_LIBRARIES = YES;
				CODE_SIGN_STYLE = Automatic;
				CURRENT_PROJECT_VERSION = 1;
				GENERATE_INFOPLIST_FILE = YES;
				MARKETING_VERSION = 1.0;
				PRODUCT_BUNDLE_IDENTIFIER = com..MapWalkUITests;
				PRODUCT_NAME = "$(TARGET_NAME)";
				SWIFT_EMIT_LOC_STRINGS = NO;
				SWIFT_VERSION = 5.0;
				TARGETED_DEVICE_FAMILY = "1,2";
				TEST_TARGET_NAME = MapWalk;
			};
			name = Release;
		};
/* End XCBuildConfiguration section */

/* Begin XCConfigurationList section */
		5F460CBA2AB1E2690053887A /* Build configuration list for PBXProject "MapWalk" */ = {
			isa = XCConfigurationList;
			buildConfigurations = (
				5F460CEA2AB1E26A0053887A /* Debug */,
				5F460CEB2AB1E26A0053887A /* Release */,
			);
			defaultConfigurationIsVisible = 0;
			defaultConfigurationName = Release;
		};
		5F460CEC2AB1E26A0053887A /* Build configuration list for PBXNativeTarget "MapWalk" */ = {
			isa = XCConfigurationList;
			buildConfigurations = (
				5F460CED2AB1E26A0053887A /* Debug */,
				5F460CEE2AB1E26A0053887A /* Release */,
			);
			defaultConfigurationIsVisible = 0;
			defaultConfigurationName = Release;
		};
		5F460CEF2AB1E26A0053887A /* Build configuration list for PBXNativeTarget "MapWalkTests" */ = {
			isa = XCConfigurationList;
			buildConfigurations = (
				5F460CF02AB1E26A0053887A /* Debug */,
				5F460CF12AB1E26A0053887A /* Release */,
			);
			defaultConfigurationIsVisible = 0;
			defaultConfigurationName = Release;
		};
		5F460CF22AB1E26A0053887A /* Build configuration list for PBXNativeTarget "MapWalkUITests" */ = {
			isa = XCConfigurationList;
			buildConfigurations = (
				5F460CF32AB1E26A0053887A /* Debug */,
				5F460CF42AB1E26A0053887A /* Release */,
			);
			defaultConfigurationIsVisible = 0;
			defaultConfigurationName = Release;
		};
/* End XCConfigurationList section */

/* Begin XCVersionGroup section */
		5F460CCB2AB1E2690053887A /* MapWalk.xcdatamodeld */ = {
			isa = XCVersionGroup;
			children = (
				5F460CCC2AB1E2690053887A /* MapWalk.xcdatamodel */,
			);
			currentVersion = 5F460CCC2AB1E2690053887A /* MapWalk.xcdatamodel */;
			path = MapWalk.xcdatamodeld;
			sourceTree = "<group>";
			versionGroupType = wrapper.xcdatamodel;
		};
/* End XCVersionGroup section */
	};
	rootObject = 5F460CB72AB1E2690053887A /* Project object */;
}
